
Microsoft Visual Studio Solution File, Format Version 12.00
# Visual Studio Version 16
VisualStudioVersion = 16.0.30114.105
MinimumVisualStudioVersion = 10.0.40219.1
Project("{FAE04EC0-301F-11D3-BF4B-00C04F79EFBC}") = "SampleBlazorComponentRefresh", "SampleBlazorComponentRefresh\SampleBlazorComponentRefresh.csproj", "{4290CAA1-0C04-4832-9AAE-FCF387B11CAC}"
EndProject
Global
	GlobalSection(SolutionConfigurationPlatforms) = preSolution
		Debug|Any CPU = Debug|Any CPU
		Release|Any CPU = Release|Any CPU
	EndGlobalSection
	GlobalSection(ProjectConfigurationPlatforms) = postSolution
		{4290CAA1-0C04-4832-9AAE-FCF387B11CAC}.Debug|Any CPU.ActiveCfg = Debug|Any CPU
		{4290CAA1-0C04-4832-9AAE-FCF387B11CAC}.Debug|Any CPU.Build.0 = Debug|Any CPU
		{4290CAA1-0C04-4832-9AAE-FCF387B11CAC}.Release|Any CPU.ActiveCfg = Release|Any CPU
		{4290CAA1-0C04-4832-9AAE-FCF387B11CAC}.Release|Any CPU.Build.0 = Release|Any CPU
	EndGlobalSection
	GlobalSection(SolutionProperties) = preSolution
		HideSolutionNode = FALSE
	EndGlobalSection
	GlobalSection(ExtensibilityGlobals) = postSolution
		SolutionGuid = {C9CCFABD-A433-4502-8AF3-0F10A4FE8CAC}
	EndGlobalSection
EndGlobal
